// !$*UTF8*$!
{
	archiveVersion = 1;
	classes = {
	};
	objectVersion = 56;
	objects = {

/* Begin PBXBuildFile section */
		4A072FD42AA7DEA100A2E049 /* ReadingListsView.swift in Sources */ = {isa = PBXBuildFile; fileRef = 4A072FD32AA7DEA100A2E049 /* ReadingListsView.swift */; };
		4A10A6012AA93E80009735C4 /* TestingView.swift in Sources */ = {isa = PBXBuildFile; fileRef = 4A10A6002AA93E80009735C4 /* TestingView.swift */; };
		4A2E606B2A9D138700953337 /* ThumbnailProvider.swift in Sources */ = {isa = PBXBuildFile; fileRef = 4A2E606A2A9D138700953337 /* ThumbnailProvider.swift */; };
		4A2E60712A9D1F5200953337 /* CoreDataHelper.swift in Sources */ = {isa = PBXBuildFile; fileRef = 4A2E60702A9D1F5200953337 /* CoreDataHelper.swift */; };
		4A2E60732A9D1F8400953337 /* FavoriteButton.swift in Sources */ = {isa = PBXBuildFile; fileRef = 4A2E60722A9D1F8400953337 /* FavoriteButton.swift */; };
		4A2E60752A9D357400953337 /* DatabaseInspectorView.swift in Sources */ = {isa = PBXBuildFile; fileRef = 4A2E60742A9D357400953337 /* DatabaseInspectorView.swift */; };
		4A2E60792A9D391D00953337 /* DiagnosticView.swift in Sources */ = {isa = PBXBuildFile; fileRef = 4A2E60782A9D391D00953337 /* DiagnosticView.swift */; };
		4A4EFD4D2AA3852D00B7E4C8 /* ComicFileUnzipper.swift in Sources */ = {isa = PBXBuildFile; fileRef = 4A4EFD4C2AA3852D00B7E4C8 /* ComicFileUnzipper.swift */; };
		4A4EFD512AA385D700B7E4C8 /* ComicImageResizer.swift in Sources */ = {isa = PBXBuildFile; fileRef = 4A4EFD502AA385D700B7E4C8 /* ComicImageResizer.swift */; };
		4A4EFD532AA385F100B7E4C8 /* ComicDataWriter.swift in Sources */ = {isa = PBXBuildFile; fileRef = 4A4EFD522AA385F100B7E4C8 /* ComicDataWriter.swift */; };
		4A54BCCA2AB29173005B24B1 /* BookRowModel.swift in Sources */ = {isa = PBXBuildFile; fileRef = 4A54BCC92AB29173005B24B1 /* BookRowModel.swift */; };
		4A54BCCC2AB3AEAE005B24B1 /* File.swift in Sources */ = {isa = PBXBuildFile; fileRef = 4A54BCCB2AB3AEAE005B24B1 /* File.swift */; };
		4A69E8462AB0D3B300CD023A /* ReadMeNotes.swift in Sources */ = {isa = PBXBuildFile; fileRef = 4A69E8452AB0D3B300CD023A /* ReadMeNotes.swift */; };
		4A6C7E6F2AA14B4400FF95FB /* AppOverview.swift in Sources */ = {isa = PBXBuildFile; fileRef = 4A6C7E6E2AA14B4400FF95FB /* AppOverview.swift */; };
		4A6C7E712AA1B80800FF95FB /* Extensions.swift in Sources */ = {isa = PBXBuildFile; fileRef = 4A6C7E702AA1B80800FF95FB /* Extensions.swift */; };
		4A6C7E7C2AA25AE500FF95FB /* RelatedBooksView.swift in Sources */ = {isa = PBXBuildFile; fileRef = 4A6C7E7B2AA25AE500FF95FB /* RelatedBooksView.swift */; };
		4A6C7E7E2AA2E80A00FF95FB /* ImportingState.swift in Sources */ = {isa = PBXBuildFile; fileRef = 4A6C7E7D2AA2E80A00FF95FB /* ImportingState.swift */; };
		4A6C7E802AA2E91A00FF95FB /* SharedViews.swift in Sources */ = {isa = PBXBuildFile; fileRef = 4A6C7E7F2AA2E91A00FF95FB /* SharedViews.swift */; };
		4A7E7D6E2AA0582600504BAF /* LRUCache.swift in Sources */ = {isa = PBXBuildFile; fileRef = 4A7E7D6D2AA0582600504BAF /* LRUCache.swift */; };
		4A9C26032AAE370B00339EC6 /* EntityChipTextFieldView.swift in Sources */ = {isa = PBXBuildFile; fileRef = 4A9C26022AAE370B00339EC6 /* EntityChipTextFieldView.swift */; };
		4AB6E79D2A9BD90700A8EFA0 /* ComixCrateApp.swift in Sources */ = {isa = PBXBuildFile; fileRef = 4AB6E79C2A9BD90700A8EFA0 /* ComixCrateApp.swift */; };
		4AB6E79F2A9BD90700A8EFA0 /* ContentView.swift in Sources */ = {isa = PBXBuildFile; fileRef = 4AB6E79E2A9BD90700A8EFA0 /* ContentView.swift */; };
		4AB6E7A12A9BD90A00A8EFA0 /* Assets.xcassets in Resources */ = {isa = PBXBuildFile; fileRef = 4AB6E7A02A9BD90A00A8EFA0 /* Assets.xcassets */; };
		4AB6E7AD2A9BD9CC00A8EFA0 /* LibraryData.xcdatamodeld in Sources */ = {isa = PBXBuildFile; fileRef = 4AB6E7AB2A9BD9CC00A8EFA0 /* LibraryData.xcdatamodeld */; };
		4AB6E7B12A9BE0C500A8EFA0 /* Persistence.swift in Sources */ = {isa = PBXBuildFile; fileRef = 4AB6E7B02A9BE0C500A8EFA0 /* Persistence.swift */; };
		4AB6E7B32A9BE0FB00A8EFA0 /* ComicFileHandler.swift in Sources */ = {isa = PBXBuildFile; fileRef = 4AB6E7B22A9BE0FB00A8EFA0 /* ComicFileHandler.swift */; };
		4AB6E7B82A9BE8F400A8EFA0 /* DocumentPicker.swift in Sources */ = {isa = PBXBuildFile; fileRef = 4AB6E7B72A9BE8F400A8EFA0 /* DocumentPicker.swift */; };
		4AB6E7BA2A9BEB3300A8EFA0 /* LibraryView.swift in Sources */ = {isa = PBXBuildFile; fileRef = 4AB6E7B92A9BEB3300A8EFA0 /* LibraryView.swift */; };
		4AB6E7BC2A9BED7D00A8EFA0 /* BookTileModel.swift in Sources */ = {isa = PBXBuildFile; fileRef = 4AB6E7BB2A9BED7D00A8EFA0 /* BookTileModel.swift */; };
		4AB6E7BE2A9C203E00A8EFA0 /* ImageUtilities.swift in Sources */ = {isa = PBXBuildFile; fileRef = 4AB6E7BD2A9C203E00A8EFA0 /* ImageUtilities.swift */; };
		4AB6E7C02A9D034E00A8EFA0 /* BookSheetView.swift in Sources */ = {isa = PBXBuildFile; fileRef = 4AB6E7BF2A9D034E00A8EFA0 /* BookSheetView.swift */; };
		4AD861A92AB41154006A390D /* ZIPFoundation in Frameworks */ = {isa = PBXBuildFile; productRef = 4AD861A82AB41154006A390D /* ZIPFoundation */; };
		4ADF00882AAF7733008C98E6 /* MockBook.swift in Sources */ = {isa = PBXBuildFile; fileRef = 4ADF00872AAF7733008C98E6 /* MockBook.swift */; };
		4ADF008A2AAF8F36008C98E6 /* LibraryViewModel.swift in Sources */ = {isa = PBXBuildFile; fileRef = 4ADF00892AAF8F36008C98E6 /* LibraryViewModel.swift */; };
		4ADF008C2AAF961B008C98E6 /* Enums.swift in Sources */ = {isa = PBXBuildFile; fileRef = 4ADF008B2AAF961B008C98E6 /* Enums.swift */; };
		4ADF008E2AAFA610008C98E6 /* SelectedBookViewModel.swift in Sources */ = {isa = PBXBuildFile; fileRef = 4ADF008D2AAFA610008C98E6 /* SelectedBookViewModel.swift */; };
		4ADF00902AAFB0D1008C98E6 /* BookDetails.swift in Sources */ = {isa = PBXBuildFile; fileRef = 4ADF008F2AAFB0D1008C98E6 /* BookDetails.swift */; };
		4ADF00942AAFB16A008C98E6 /* BookDetailsMainView.swift in Sources */ = {isa = PBXBuildFile; fileRef = 4ADF00932AAFB16A008C98E6 /* BookDetailsMainView.swift */; };
		4ADF00962AAFB1A7008C98E6 /* BookDetailsLibraryView.swift in Sources */ = {isa = PBXBuildFile; fileRef = 4ADF00952AAFB1A7008C98E6 /* BookDetailsLibraryView.swift */; };
		4ADF00982AAFB1EF008C98E6 /* BookDetailsMoreView.swift in Sources */ = {isa = PBXBuildFile; fileRef = 4ADF00972AAFB1EF008C98E6 /* BookDetailsMoreView.swift */; };
		4ADF009A2AAFB21B008C98E6 /* BookDetailsCreativeView.swift in Sources */ = {isa = PBXBuildFile; fileRef = 4ADF00992AAFB21B008C98E6 /* BookDetailsCreativeView.swift */; };
		4ADF009C2AAFB24D008C98E6 /* BookSecondaryDetailsView.swift in Sources */ = {isa = PBXBuildFile; fileRef = 4ADF009B2AAFB24D008C98E6 /* BookSecondaryDetailsView.swift */; };
		4ADF009E2AAFB26A008C98E6 /* BookMainDetailsView.swift in Sources */ = {isa = PBXBuildFile; fileRef = 4ADF009D2AAFB26A008C98E6 /* BookMainDetailsView.swift */; };
		4ADF00A02AAFB280008C98E6 /* FakePublisherLogoView.swift in Sources */ = {isa = PBXBuildFile; fileRef = 4ADF009F2AAFB280008C98E6 /* FakePublisherLogoView.swift */; };
		4ADF00A32AAFBF81008C98E6 /* BookActionButtonsView.swift in Sources */ = {isa = PBXBuildFile; fileRef = 4ADF00A22AAFBF81008C98E6 /* BookActionButtonsView.swift */; };
		4ADF00A62AAFD6EC008C98E6 /* EntityInputViewModel.swift in Sources */ = {isa = PBXBuildFile; fileRef = 4ADF00A52AAFD6EC008C98E6 /* EntityInputViewModel.swift */; };
		4ADF00A82AAFD766008C98E6 /* EntityInputView.swift in Sources */ = {isa = PBXBuildFile; fileRef = 4ADF00A72AAFD766008C98E6 /* EntityInputView.swift */; };
		4ADF00AA2AAFD796008C98E6 /* ChipView.swift in Sources */ = {isa = PBXBuildFile; fileRef = 4ADF00A92AAFD796008C98E6 /* ChipView.swift */; };
		4ADF00AC2AAFD7B6008C98E6 /* IndividualChip.swift in Sources */ = {isa = PBXBuildFile; fileRef = 4ADF00AB2AAFD7B6008C98E6 /* IndividualChip.swift */; };
		4AE0DF162AA7A31B006DFFF1 /* HomeView.swift in Sources */ = {isa = PBXBuildFile; fileRef = 4AE0DF152AA7A31B006DFFF1 /* HomeView.swift */; };
		4AEAB4602AA68FCB00B88723 /* ChipUtilities.swift in Sources */ = {isa = PBXBuildFile; fileRef = 4AEAB45F2AA68FCB00B88723 /* ChipUtilities.swift */; };
		4AEAB4622AA68FF500B88723 /* SpecializedTextBoxes.swift in Sources */ = {isa = PBXBuildFile; fileRef = 4AEAB4612AA68FF500B88723 /* SpecializedTextBoxes.swift */; };
		4AEAB4642AA6902900B88723 /* EditBookView.swift in Sources */ = {isa = PBXBuildFile; fileRef = 4AEAB4632AA6902900B88723 /* EditBookView.swift */; };
		4AF0509D2AAE7679001BE812 /* MockBook.swift in Sources */ = {isa = PBXBuildFile; fileRef = 4AF0509C2AAE7679001BE812 /* MockBook.swift */; };
/* End PBXBuildFile section */

/* Begin PBXFileReference section */
		4A072FD32AA7DEA100A2E049 /* ReadingListsView.swift */ = {isa = PBXFileReference; lastKnownFileType = sourcecode.swift; path = ReadingListsView.swift; sourceTree = "<group>"; };
		4A10A6002AA93E80009735C4 /* TestingView.swift */ = {isa = PBXFileReference; lastKnownFileType = sourcecode.swift; path = TestingView.swift; sourceTree = "<group>"; };
		4A2E606A2A9D138700953337 /* ThumbnailProvider.swift */ = {isa = PBXFileReference; lastKnownFileType = sourcecode.swift; path = ThumbnailProvider.swift; sourceTree = "<group>"; };
		4A2E60702A9D1F5200953337 /* CoreDataHelper.swift */ = {isa = PBXFileReference; fileEncoding = 4; lastKnownFileType = sourcecode.swift; path = CoreDataHelper.swift; sourceTree = "<group>"; };
		4A2E60722A9D1F8400953337 /* FavoriteButton.swift */ = {isa = PBXFileReference; lastKnownFileType = sourcecode.swift; path = FavoriteButton.swift; sourceTree = "<group>"; };
		4A2E60742A9D357400953337 /* DatabaseInspectorView.swift */ = {isa = PBXFileReference; lastKnownFileType = sourcecode.swift; path = DatabaseInspectorView.swift; sourceTree = "<group>"; };
		4A2E60782A9D391D00953337 /* DiagnosticView.swift */ = {isa = PBXFileReference; lastKnownFileType = sourcecode.swift; path = DiagnosticView.swift; sourceTree = "<group>"; };
		4A4EFD4C2AA3852D00B7E4C8 /* ComicFileUnzipper.swift */ = {isa = PBXFileReference; lastKnownFileType = sourcecode.swift; path = ComicFileUnzipper.swift; sourceTree = "<group>"; };
		4A4EFD502AA385D700B7E4C8 /* ComicImageResizer.swift */ = {isa = PBXFileReference; lastKnownFileType = sourcecode.swift; path = ComicImageResizer.swift; sourceTree = "<group>"; };
		4A4EFD522AA385F100B7E4C8 /* ComicDataWriter.swift */ = {isa = PBXFileReference; lastKnownFileType = sourcecode.swift; path = ComicDataWriter.swift; sourceTree = "<group>"; };
		4A54BCC92AB29173005B24B1 /* BookRowModel.swift */ = {isa = PBXFileReference; lastKnownFileType = sourcecode.swift; path = BookRowModel.swift; sourceTree = "<group>"; };
		4A54BCCB2AB3AEAE005B24B1 /* File.swift */ = {isa = PBXFileReference; lastKnownFileType = sourcecode.swift; path = File.swift; sourceTree = "<group>"; };
		4A69E8452AB0D3B300CD023A /* ReadMeNotes.swift */ = {isa = PBXFileReference; lastKnownFileType = sourcecode.swift; path = ReadMeNotes.swift; sourceTree = "<group>"; };
		4A6C7E6E2AA14B4400FF95FB /* AppOverview.swift */ = {isa = PBXFileReference; lastKnownFileType = sourcecode.swift; path = AppOverview.swift; sourceTree = "<group>"; };
		4A6C7E702AA1B80800FF95FB /* Extensions.swift */ = {isa = PBXFileReference; lastKnownFileType = sourcecode.swift; path = Extensions.swift; sourceTree = "<group>"; };
		4A6C7E7B2AA25AE500FF95FB /* RelatedBooksView.swift */ = {isa = PBXFileReference; lastKnownFileType = sourcecode.swift; path = RelatedBooksView.swift; sourceTree = "<group>"; };
		4A6C7E7D2AA2E80A00FF95FB /* ImportingState.swift */ = {isa = PBXFileReference; lastKnownFileType = sourcecode.swift; path = ImportingState.swift; sourceTree = "<group>"; };
		4A6C7E7F2AA2E91A00FF95FB /* SharedViews.swift */ = {isa = PBXFileReference; lastKnownFileType = sourcecode.swift; path = SharedViews.swift; sourceTree = "<group>"; };
		4A7E7D6D2AA0582600504BAF /* LRUCache.swift */ = {isa = PBXFileReference; lastKnownFileType = sourcecode.swift; path = LRUCache.swift; sourceTree = "<group>"; };
		4A9C26022AAE370B00339EC6 /* EntityChipTextFieldView.swift */ = {isa = PBXFileReference; lastKnownFileType = sourcecode.swift; path = EntityChipTextFieldView.swift; sourceTree = "<group>"; };
		4AB6E7992A9BD90700A8EFA0 /* ComixCrate.app */ = {isa = PBXFileReference; explicitFileType = wrapper.application; includeInIndex = 0; path = ComixCrate.app; sourceTree = BUILT_PRODUCTS_DIR; };
		4AB6E79C2A9BD90700A8EFA0 /* ComixCrateApp.swift */ = {isa = PBXFileReference; lastKnownFileType = sourcecode.swift; path = ComixCrateApp.swift; sourceTree = "<group>"; };
		4AB6E79E2A9BD90700A8EFA0 /* ContentView.swift */ = {isa = PBXFileReference; lastKnownFileType = sourcecode.swift; path = ContentView.swift; sourceTree = "<group>"; };
		4AB6E7A02A9BD90A00A8EFA0 /* Assets.xcassets */ = {isa = PBXFileReference; lastKnownFileType = folder.assetcatalog; path = Assets.xcassets; sourceTree = "<group>"; };
		4AB6E7A22A9BD90A00A8EFA0 /* ComixCrate.entitlements */ = {isa = PBXFileReference; lastKnownFileType = text.plist.entitlements; path = ComixCrate.entitlements; sourceTree = "<group>"; };
		4AB6E7A42A9BD90A00A8EFA0 /* Preview Assets.xcassets */ = {isa = PBXFileReference; lastKnownFileType = folder.assetcatalog; path = "Preview Assets.xcassets"; sourceTree = "<group>"; };
		4AB6E7AC2A9BD9CC00A8EFA0 /* LibraryData.xcdatamodel */ = {isa = PBXFileReference; lastKnownFileType = wrapper.xcdatamodel; path = LibraryData.xcdatamodel; sourceTree = "<group>"; };
		4AB6E7B02A9BE0C500A8EFA0 /* Persistence.swift */ = {isa = PBXFileReference; fileEncoding = 4; lastKnownFileType = sourcecode.swift; path = Persistence.swift; sourceTree = "<group>"; };
		4AB6E7B22A9BE0FB00A8EFA0 /* ComicFileHandler.swift */ = {isa = PBXFileReference; fileEncoding = 4; lastKnownFileType = sourcecode.swift; path = ComicFileHandler.swift; sourceTree = "<group>"; };
		4AB6E7B72A9BE8F400A8EFA0 /* DocumentPicker.swift */ = {isa = PBXFileReference; fileEncoding = 4; lastKnownFileType = sourcecode.swift; path = DocumentPicker.swift; sourceTree = "<group>"; };
		4AB6E7B92A9BEB3300A8EFA0 /* LibraryView.swift */ = {isa = PBXFileReference; fileEncoding = 4; lastKnownFileType = sourcecode.swift; path = LibraryView.swift; sourceTree = "<group>"; };
		4AB6E7BB2A9BED7D00A8EFA0 /* BookTileModel.swift */ = {isa = PBXFileReference; fileEncoding = 4; lastKnownFileType = sourcecode.swift; path = BookTileModel.swift; sourceTree = "<group>"; };
		4AB6E7BD2A9C203E00A8EFA0 /* ImageUtilities.swift */ = {isa = PBXFileReference; lastKnownFileType = sourcecode.swift; path = ImageUtilities.swift; sourceTree = "<group>"; };
		4AB6E7BF2A9D034E00A8EFA0 /* BookSheetView.swift */ = {isa = PBXFileReference; fileEncoding = 4; lastKnownFileType = sourcecode.swift; path = BookSheetView.swift; sourceTree = "<group>"; };
		4ADF00872AAF7733008C98E6 /* MockBook.swift */ = {isa = PBXFileReference; fileEncoding = 4; lastKnownFileType = sourcecode.swift; path = MockBook.swift; sourceTree = "<group>"; };
		4ADF00892AAF8F36008C98E6 /* LibraryViewModel.swift */ = {isa = PBXFileReference; lastKnownFileType = sourcecode.swift; path = LibraryViewModel.swift; sourceTree = "<group>"; };
		4ADF008B2AAF961B008C98E6 /* Enums.swift */ = {isa = PBXFileReference; lastKnownFileType = sourcecode.swift; path = Enums.swift; sourceTree = "<group>"; };
		4ADF008D2AAFA610008C98E6 /* SelectedBookViewModel.swift */ = {isa = PBXFileReference; lastKnownFileType = sourcecode.swift; path = SelectedBookViewModel.swift; sourceTree = "<group>"; };
		4ADF008F2AAFB0D1008C98E6 /* BookDetails.swift */ = {isa = PBXFileReference; lastKnownFileType = sourcecode.swift; path = BookDetails.swift; sourceTree = "<group>"; };
		4ADF00932AAFB16A008C98E6 /* BookDetailsMainView.swift */ = {isa = PBXFileReference; lastKnownFileType = sourcecode.swift; path = BookDetailsMainView.swift; sourceTree = "<group>"; };
		4ADF00952AAFB1A7008C98E6 /* BookDetailsLibraryView.swift */ = {isa = PBXFileReference; lastKnownFileType = sourcecode.swift; path = BookDetailsLibraryView.swift; sourceTree = "<group>"; };
		4ADF00972AAFB1EF008C98E6 /* BookDetailsMoreView.swift */ = {isa = PBXFileReference; lastKnownFileType = sourcecode.swift; path = BookDetailsMoreView.swift; sourceTree = "<group>"; };
		4ADF00992AAFB21B008C98E6 /* BookDetailsCreativeView.swift */ = {isa = PBXFileReference; lastKnownFileType = sourcecode.swift; path = BookDetailsCreativeView.swift; sourceTree = "<group>"; };
		4ADF009B2AAFB24D008C98E6 /* BookSecondaryDetailsView.swift */ = {isa = PBXFileReference; lastKnownFileType = sourcecode.swift; path = BookSecondaryDetailsView.swift; sourceTree = "<group>"; };
		4ADF009D2AAFB26A008C98E6 /* BookMainDetailsView.swift */ = {isa = PBXFileReference; lastKnownFileType = sourcecode.swift; path = BookMainDetailsView.swift; sourceTree = "<group>"; };
		4ADF009F2AAFB280008C98E6 /* FakePublisherLogoView.swift */ = {isa = PBXFileReference; lastKnownFileType = sourcecode.swift; path = FakePublisherLogoView.swift; sourceTree = "<group>"; };
		4ADF00A22AAFBF81008C98E6 /* BookActionButtonsView.swift */ = {isa = PBXFileReference; lastKnownFileType = sourcecode.swift; path = BookActionButtonsView.swift; sourceTree = "<group>"; };
		4ADF00A52AAFD6EC008C98E6 /* EntityInputViewModel.swift */ = {isa = PBXFileReference; lastKnownFileType = sourcecode.swift; path = EntityInputViewModel.swift; sourceTree = "<group>"; };
		4ADF00A72AAFD766008C98E6 /* EntityInputView.swift */ = {isa = PBXFileReference; lastKnownFileType = sourcecode.swift; path = EntityInputView.swift; sourceTree = "<group>"; };
		4ADF00A92AAFD796008C98E6 /* ChipView.swift */ = {isa = PBXFileReference; lastKnownFileType = sourcecode.swift; path = ChipView.swift; sourceTree = "<group>"; };
		4ADF00AB2AAFD7B6008C98E6 /* IndividualChip.swift */ = {isa = PBXFileReference; lastKnownFileType = sourcecode.swift; path = IndividualChip.swift; sourceTree = "<group>"; };
		4AE0DF152AA7A31B006DFFF1 /* HomeView.swift */ = {isa = PBXFileReference; lastKnownFileType = sourcecode.swift; path = HomeView.swift; sourceTree = "<group>"; };
		4AEAB45F2AA68FCB00B88723 /* ChipUtilities.swift */ = {isa = PBXFileReference; lastKnownFileType = sourcecode.swift; path = ChipUtilities.swift; sourceTree = "<group>"; };
		4AEAB4612AA68FF500B88723 /* SpecializedTextBoxes.swift */ = {isa = PBXFileReference; lastKnownFileType = sourcecode.swift; path = SpecializedTextBoxes.swift; sourceTree = "<group>"; };
		4AEAB4632AA6902900B88723 /* EditBookView.swift */ = {isa = PBXFileReference; lastKnownFileType = sourcecode.swift; path = EditBookView.swift; sourceTree = "<group>"; };
		4AF0509C2AAE7679001BE812 /* MockBook.swift */ = {isa = PBXFileReference; lastKnownFileType = sourcecode.swift; path = MockBook.swift; sourceTree = "<group>"; };
/* End PBXFileReference section */

/* Begin PBXFrameworksBuildPhase section */
		4AB6E7962A9BD90700A8EFA0 /* Frameworks */ = {
			isa = PBXFrameworksBuildPhase;
			buildActionMask = 2147483647;
			files = (
				4AD861A92AB41154006A390D /* ZIPFoundation in Frameworks */,
			);
			runOnlyForDeploymentPostprocessing = 0;
		};
/* End PBXFrameworksBuildPhase section */

/* Begin PBXGroup section */
		4A4EFD542AA3E79700B7E4C8 /* Data */ = {
			isa = PBXGroup;
			children = (
				4ADF00872AAF7733008C98E6 /* MockBook.swift */,
				4A2E60702A9D1F5200953337 /* CoreDataHelper.swift */,
				4AB6E7B02A9BE0C500A8EFA0 /* Persistence.swift */,
				4AF0509C2AAE7679001BE812 /* MockBook.swift */,
			);
			path = Data;
			sourceTree = "<group>";
		};
		4A4EFD552AA3E7A700B7E4C8 /* Views */ = {
			isa = PBXGroup;
			children = (
				4A2E60722A9D1F8400953337 /* FavoriteButton.swift */,
			);
			path = Views;
			sourceTree = "<group>";
		};
		4A4EFD562AA3E87E00B7E4C8 /* Importing */ = {
			isa = PBXGroup;
			children = (
				4AB6E7B72A9BE8F400A8EFA0 /* DocumentPicker.swift */,
				4AB6E7B22A9BE0FB00A8EFA0 /* ComicFileHandler.swift */,
				4A6C7E7D2AA2E80A00FF95FB /* ImportingState.swift */,
				4A4EFD4C2AA3852D00B7E4C8 /* ComicFileUnzipper.swift */,
				4A54BCCB2AB3AEAE005B24B1 /* File.swift */,
			);
			path = Importing;
			sourceTree = "<group>";
		};
		4A6C7E762AA250F200FF95FB /* ViewModels */ = {
			isa = PBXGroup;
			children = (
				4ADF00892AAF8F36008C98E6 /* LibraryViewModel.swift */,
				4ADF008D2AAFA610008C98E6 /* SelectedBookViewModel.swift */,
				4ADF00A52AAFD6EC008C98E6 /* EntityInputViewModel.swift */,
			);
			path = ViewModels;
			sourceTree = "<group>";
		};
		4A70B9C22A9F8F1F0059AB82 /* Views */ = {
			isa = PBXGroup;
			children = (
				4ADF00A42AAFD6C0008C98E6 /* EntityInput */,
				4ADF00A12AAFB29D008C98E6 /* BookDetails */,
				4AB6E7BF2A9D034E00A8EFA0 /* BookSheetView.swift */,
				4A2E60742A9D357400953337 /* DatabaseInspectorView.swift */,
				4A2E60782A9D391D00953337 /* DiagnosticView.swift */,
				4AB6E79E2A9BD90700A8EFA0 /* ContentView.swift */,
				4AB6E7B92A9BEB3300A8EFA0 /* LibraryView.swift */,
				4AB6E7BB2A9BED7D00A8EFA0 /* BookTileModel.swift */,
				4A6C7E7B2AA25AE500FF95FB /* RelatedBooksView.swift */,
				4A6C7E7F2AA2E91A00FF95FB /* SharedViews.swift */,
				4AEAB45F2AA68FCB00B88723 /* ChipUtilities.swift */,
				4AEAB4612AA68FF500B88723 /* SpecializedTextBoxes.swift */,
				4AEAB4632AA6902900B88723 /* EditBookView.swift */,
				4AE0DF152AA7A31B006DFFF1 /* HomeView.swift */,
				4A072FD32AA7DEA100A2E049 /* ReadingListsView.swift */,
				4A10A6002AA93E80009735C4 /* TestingView.swift */,
				4A9C26022AAE370B00339EC6 /* EntityChipTextFieldView.swift */,
				4ADF008B2AAF961B008C98E6 /* Enums.swift */,
			);
			path = Views;
			sourceTree = "<group>";
		};
		4AB6E7902A9BD90700A8EFA0 = {
			isa = PBXGroup;
			children = (
				4AB6E79B2A9BD90700A8EFA0 /* ComixCrate */,
				4AB6E79A2A9BD90700A8EFA0 /* Products */,
			);
			sourceTree = "<group>";
		};
		4AB6E79A2A9BD90700A8EFA0 /* Products */ = {
			isa = PBXGroup;
			children = (
				4AB6E7992A9BD90700A8EFA0 /* ComixCrate.app */,
			);
			name = Products;
			sourceTree = "<group>";
		};
		4AB6E79B2A9BD90700A8EFA0 /* ComixCrate */ = {
			isa = PBXGroup;
			children = (
				4A6C7E762AA250F200FF95FB /* ViewModels */,
				4A70B9C22A9F8F1F0059AB82 /* Views */,
				4AB6E7AF2A9BE09300A8EFA0 /* Helpers */,
				4AB6E7AE2A9BE08100A8EFA0 /* Data */,
				4AB6E79C2A9BD90700A8EFA0 /* ComixCrateApp.swift */,
				4AB6E7A02A9BD90A00A8EFA0 /* Assets.xcassets */,
				4AB6E7A22A9BD90A00A8EFA0 /* ComixCrate.entitlements */,
				4AB6E7A32A9BD90A00A8EFA0 /* Preview Content */,
				4A6C7E6E2AA14B4400FF95FB /* AppOverview.swift */,
				4A69E8452AB0D3B300CD023A /* ReadMeNotes.swift */,
			);
			path = ComixCrate;
			sourceTree = "<group>";
		};
		4AB6E7A32A9BD90A00A8EFA0 /* Preview Content */ = {
			isa = PBXGroup;
			children = (
				4AB6E7A42A9BD90A00A8EFA0 /* Preview Assets.xcassets */,
			);
			path = "Preview Content";
			sourceTree = "<group>";
		};
		4AB6E7AE2A9BE08100A8EFA0 /* Data */ = {
			isa = PBXGroup;
			children = (
				4AB6E7AB2A9BD9CC00A8EFA0 /* LibraryData.xcdatamodeld */,
			);
			path = Data;
			sourceTree = "<group>";
		};
		4AB6E7AF2A9BE09300A8EFA0 /* Helpers */ = {
			isa = PBXGroup;
			children = (
				4A4EFD562AA3E87E00B7E4C8 /* Importing */,
				4A4EFD552AA3E7A700B7E4C8 /* Views */,
				4A4EFD542AA3E79700B7E4C8 /* Data */,
				4AB6E7BD2A9C203E00A8EFA0 /* ImageUtilities.swift */,
				4A4EFD502AA385D700B7E4C8 /* ComicImageResizer.swift */,
				4A2E606A2A9D138700953337 /* ThumbnailProvider.swift */,
				4A7E7D6D2AA0582600504BAF /* LRUCache.swift */,
				4A6C7E702AA1B80800FF95FB /* Extensions.swift */,
				4A4EFD522AA385F100B7E4C8 /* ComicDataWriter.swift */,
			);
			path = Helpers;
			sourceTree = "<group>";
		};
		4ADF00A12AAFB29D008C98E6 /* BookDetails */ = {
			isa = PBXGroup;
			children = (
				4ADF009B2AAFB24D008C98E6 /* BookSecondaryDetailsView.swift */,
				4ADF008F2AAFB0D1008C98E6 /* BookDetails.swift */,
				4ADF00932AAFB16A008C98E6 /* BookDetailsMainView.swift */,
				4ADF00952AAFB1A7008C98E6 /* BookDetailsLibraryView.swift */,
				4ADF00972AAFB1EF008C98E6 /* BookDetailsMoreView.swift */,
				4ADF00992AAFB21B008C98E6 /* BookDetailsCreativeView.swift */,
				4ADF009D2AAFB26A008C98E6 /* BookMainDetailsView.swift */,
				4ADF009F2AAFB280008C98E6 /* FakePublisherLogoView.swift */,
				4ADF00A22AAFBF81008C98E6 /* BookActionButtonsView.swift */,
				4A54BCC92AB29173005B24B1 /* BookRowModel.swift */,
			);
			path = BookDetails;
			sourceTree = "<group>";
		};
		4ADF00A42AAFD6C0008C98E6 /* EntityInput */ = {
			isa = PBXGroup;
			children = (
				4ADF00A72AAFD766008C98E6 /* EntityInputView.swift */,
				4ADF00A92AAFD796008C98E6 /* ChipView.swift */,
				4ADF00AB2AAFD7B6008C98E6 /* IndividualChip.swift */,
			);
			path = EntityInput;
			sourceTree = "<group>";
		};
/* End PBXGroup section */

/* Begin PBXNativeTarget section */
		4AB6E7982A9BD90700A8EFA0 /* ComixCrate */ = {
			isa = PBXNativeTarget;
			buildConfigurationList = 4AB6E7A82A9BD90A00A8EFA0 /* Build configuration list for PBXNativeTarget "ComixCrate" */;
			buildPhases = (
				4AB6E7952A9BD90700A8EFA0 /* Sources */,
				4AB6E7962A9BD90700A8EFA0 /* Frameworks */,
				4AB6E7972A9BD90700A8EFA0 /* Resources */,
			);
			buildRules = (
			);
			dependencies = (
			);
			name = ComixCrate;
			packageProductDependencies = (
				4AD861A82AB41154006A390D /* ZIPFoundation */,
			);
			productName = ComixCrate;
			productReference = 4AB6E7992A9BD90700A8EFA0 /* ComixCrate.app */;
			productType = "com.apple.product-type.application";
		};
/* End PBXNativeTarget section */

/* Begin PBXProject section */
		4AB6E7912A9BD90700A8EFA0 /* Project object */ = {
			isa = PBXProject;
			attributes = {
				BuildIndependentTargetsInParallel = 1;
				LastSwiftUpdateCheck = 1500;
				LastUpgradeCheck = 1500;
				TargetAttributes = {
					4AB6E7982A9BD90700A8EFA0 = {
						CreatedOnToolsVersion = 15.0;
					};
				};
			};
			buildConfigurationList = 4AB6E7942A9BD90700A8EFA0 /* Build configuration list for PBXProject "ComixCrate" */;
			compatibilityVersion = "Xcode 14.0";
			developmentRegion = en;
			hasScannedForEncodings = 0;
			knownRegions = (
				en,
				Base,
			);
			mainGroup = 4AB6E7902A9BD90700A8EFA0;
			packageReferences = (
				4AD861A72AB41154006A390D /* XCRemoteSwiftPackageReference "ZIPFoundation" */,
			);
			productRefGroup = 4AB6E79A2A9BD90700A8EFA0 /* Products */;
			projectDirPath = "";
			projectRoot = "";
			targets = (
				4AB6E7982A9BD90700A8EFA0 /* ComixCrate */,
			);
		};
/* End PBXProject section */

/* Begin PBXResourcesBuildPhase section */
		4AB6E7972A9BD90700A8EFA0 /* Resources */ = {
			isa = PBXResourcesBuildPhase;
			buildActionMask = 2147483647;
			files = (
				4AB6E7A12A9BD90A00A8EFA0 /* Assets.xcassets in Resources */,
			);
			runOnlyForDeploymentPostprocessing = 0;
		};
/* End PBXResourcesBuildPhase section */

/* Begin PBXSourcesBuildPhase section */
		4AB6E7952A9BD90700A8EFA0 /* Sources */ = {
			isa = PBXSourcesBuildPhase;
			buildActionMask = 2147483647;
			files = (
				4ADF008C2AAF961B008C98E6 /* Enums.swift in Sources */,
				4ADF00A32AAFBF81008C98E6 /* BookActionButtonsView.swift in Sources */,
				4ADF009E2AAFB26A008C98E6 /* BookMainDetailsView.swift in Sources */,
				4ADF00982AAFB1EF008C98E6 /* BookDetailsMoreView.swift in Sources */,
				4AB6E7BC2A9BED7D00A8EFA0 /* BookTileModel.swift in Sources */,
				4AB6E7C02A9D034E00A8EFA0 /* BookSheetView.swift in Sources */,
				4A9C26032AAE370B00339EC6 /* EntityChipTextFieldView.swift in Sources */,
				4ADF009A2AAFB21B008C98E6 /* BookDetailsCreativeView.swift in Sources */,
				4ADF00AA2AAFD796008C98E6 /* ChipView.swift in Sources */,
				4AE0DF162AA7A31B006DFFF1 /* HomeView.swift in Sources */,
				4AB6E7BA2A9BEB3300A8EFA0 /* LibraryView.swift in Sources */,
				4A10A6012AA93E80009735C4 /* TestingView.swift in Sources */,
				4ADF00882AAF7733008C98E6 /* MockBook.swift in Sources */,
				4AB6E79F2A9BD90700A8EFA0 /* ContentView.swift in Sources */,
				4ADF00902AAFB0D1008C98E6 /* BookDetails.swift in Sources */,
				4AB6E7B12A9BE0C500A8EFA0 /* Persistence.swift in Sources */,
				4A072FD42AA7DEA100A2E049 /* ReadingListsView.swift in Sources */,
				4ADF008E2AAFA610008C98E6 /* SelectedBookViewModel.swift in Sources */,
				4ADF00AC2AAFD7B6008C98E6 /* IndividualChip.swift in Sources */,
				4A4EFD532AA385F100B7E4C8 /* ComicDataWriter.swift in Sources */,
				4ADF00962AAFB1A7008C98E6 /* BookDetailsLibraryView.swift in Sources */,
				4ADF009C2AAFB24D008C98E6 /* BookSecondaryDetailsView.swift in Sources */,
				4A6C7E802AA2E91A00FF95FB /* SharedViews.swift in Sources */,
				4AEAB4642AA6902900B88723 /* EditBookView.swift in Sources */,
				4ADF00A82AAFD766008C98E6 /* EntityInputView.swift in Sources */,
				4AB6E7BE2A9C203E00A8EFA0 /* ImageUtilities.swift in Sources */,
				4ADF008A2AAF8F36008C98E6 /* LibraryViewModel.swift in Sources */,
				4A4EFD4D2AA3852D00B7E4C8 /* ComicFileUnzipper.swift in Sources */,
				4AB6E7AD2A9BD9CC00A8EFA0 /* LibraryData.xcdatamodeld in Sources */,
				4A6C7E712AA1B80800FF95FB /* Extensions.swift in Sources */,
				4AB6E79D2A9BD90700A8EFA0 /* ComixCrateApp.swift in Sources */,
				4A2E60712A9D1F5200953337 /* CoreDataHelper.swift in Sources */,
				4AF0509D2AAE7679001BE812 /* MockBook.swift in Sources */,
				4ADF00A62AAFD6EC008C98E6 /* EntityInputViewModel.swift in Sources */,
				4AB6E7B82A9BE8F400A8EFA0 /* DocumentPicker.swift in Sources */,
				4A6C7E7E2AA2E80A00FF95FB /* ImportingState.swift in Sources */,
				4ADF00942AAFB16A008C98E6 /* BookDetailsMainView.swift in Sources */,
				4A6C7E7C2AA25AE500FF95FB /* RelatedBooksView.swift in Sources */,
				4A2E60752A9D357400953337 /* DatabaseInspectorView.swift in Sources */,
				4AEAB4602AA68FCB00B88723 /* ChipUtilities.swift in Sources */,
				4A54BCCA2AB29173005B24B1 /* BookRowModel.swift in Sources */,
				4AEAB4622AA68FF500B88723 /* SpecializedTextBoxes.swift in Sources */,
				4A6C7E6F2AA14B4400FF95FB /* AppOverview.swift in Sources */,
				4A7E7D6E2AA0582600504BAF /* LRUCache.swift in Sources */,
				4A2E606B2A9D138700953337 /* ThumbnailProvider.swift in Sources */,
				4A2E60732A9D1F8400953337 /* FavoriteButton.swift in Sources */,
				4ADF00A02AAFB280008C98E6 /* FakePublisherLogoView.swift in Sources */,
				4AB6E7B32A9BE0FB00A8EFA0 /* ComicFileHandler.swift in Sources */,
				4A69E8462AB0D3B300CD023A /* ReadMeNotes.swift in Sources */,
				4A54BCCC2AB3AEAE005B24B1 /* File.swift in Sources */,
				4A2E60792A9D391D00953337 /* DiagnosticView.swift in Sources */,
				4A4EFD512AA385D700B7E4C8 /* ComicImageResizer.swift in Sources */,
			);
			runOnlyForDeploymentPostprocessing = 0;
		};
/* End PBXSourcesBuildPhase section */

/* Begin XCBuildConfiguration section */
		4AB6E7A62A9BD90A00A8EFA0 /* Debug */ = {
			isa = XCBuildConfiguration;
			buildSettings = {
				ALWAYS_SEARCH_USER_PATHS = NO;
				ASSETCATALOG_COMPILER_GENERATE_SWIFT_ASSET_SYMBOL_EXTENSIONS = YES;
				CLANG_ANALYZER_NONNULL = YES;
				CLANG_ANALYZER_NUMBER_OBJECT_CONVERSION = YES_AGGRESSIVE;
				CLANG_CXX_LANGUAGE_STANDARD = "gnu++20";
				CLANG_ENABLE_MODULES = YES;
				CLANG_ENABLE_OBJC_ARC = YES;
				CLANG_ENABLE_OBJC_WEAK = YES;
				CLANG_WARN_BLOCK_CAPTURE_AUTORELEASING = YES;
				CLANG_WARN_BOOL_CONVERSION = YES;
				CLANG_WARN_COMMA = YES;
				CLANG_WARN_CONSTANT_CONVERSION = YES;
				CLANG_WARN_DEPRECATED_OBJC_IMPLEMENTATIONS = YES;
				CLANG_WARN_DIRECT_OBJC_ISA_USAGE = YES_ERROR;
				CLANG_WARN_DOCUMENTATION_COMMENTS = YES;
				CLANG_WARN_EMPTY_BODY = YES;
				CLANG_WARN_ENUM_CONVERSION = YES;
				CLANG_WARN_INFINITE_RECURSION = YES;
				CLANG_WARN_INT_CONVERSION = YES;
				CLANG_WARN_NON_LITERAL_NULL_CONVERSION = YES;
				CLANG_WARN_OBJC_IMPLICIT_RETAIN_SELF = YES;
				CLANG_WARN_OBJC_LITERAL_CONVERSION = YES;
				CLANG_WARN_OBJC_ROOT_CLASS = YES_ERROR;
				CLANG_WARN_QUOTED_INCLUDE_IN_FRAMEWORK_HEADER = YES;
				CLANG_WARN_RANGE_LOOP_ANALYSIS = YES;
				CLANG_WARN_STRICT_PROTOTYPES = YES;
				CLANG_WARN_SUSPICIOUS_MOVE = YES;
				CLANG_WARN_UNGUARDED_AVAILABILITY = YES_AGGRESSIVE;
				CLANG_WARN_UNREACHABLE_CODE = YES;
				CLANG_WARN__DUPLICATE_METHOD_MATCH = YES;
				COPY_PHASE_STRIP = NO;
				DEBUG_INFORMATION_FORMAT = dwarf;
				ENABLE_STRICT_OBJC_MSGSEND = YES;
				ENABLE_TESTABILITY = YES;
				ENABLE_USER_SCRIPT_SANDBOXING = YES;
				GCC_C_LANGUAGE_STANDARD = gnu17;
				GCC_DYNAMIC_NO_PIC = NO;
				GCC_NO_COMMON_BLOCKS = YES;
				GCC_OPTIMIZATION_LEVEL = 0;
				GCC_PREPROCESSOR_DEFINITIONS = (
					"DEBUG=1",
					"$(inherited)",
				);
				GCC_WARN_64_TO_32_BIT_CONVERSION = YES;
				GCC_WARN_ABOUT_RETURN_TYPE = YES_ERROR;
				GCC_WARN_UNDECLARED_SELECTOR = YES;
				GCC_WARN_UNINITIALIZED_AUTOS = YES_AGGRESSIVE;
				GCC_WARN_UNUSED_FUNCTION = YES;
				GCC_WARN_UNUSED_VARIABLE = YES;
				LOCALIZATION_PREFERS_STRING_CATALOGS = YES;
				MTL_ENABLE_DEBUG_INFO = INCLUDE_SOURCE;
				MTL_FAST_MATH = YES;
				ONLY_ACTIVE_ARCH = YES;
				SWIFT_ACTIVE_COMPILATION_CONDITIONS = "DEBUG $(inherited)";
				SWIFT_OPTIMIZATION_LEVEL = "-Onone";
			};
			name = Debug;
		};
		4AB6E7A72A9BD90A00A8EFA0 /* Release */ = {
			isa = XCBuildConfiguration;
			buildSettings = {
				ALWAYS_SEARCH_USER_PATHS = NO;
				ASSETCATALOG_COMPILER_GENERATE_SWIFT_ASSET_SYMBOL_EXTENSIONS = YES;
				CLANG_ANALYZER_NONNULL = YES;
				CLANG_ANALYZER_NUMBER_OBJECT_CONVERSION = YES_AGGRESSIVE;
				CLANG_CXX_LANGUAGE_STANDARD = "gnu++20";
				CLANG_ENABLE_MODULES = YES;
				CLANG_ENABLE_OBJC_ARC = YES;
				CLANG_ENABLE_OBJC_WEAK = YES;
				CLANG_WARN_BLOCK_CAPTURE_AUTORELEASING = YES;
				CLANG_WARN_BOOL_CONVERSION = YES;
				CLANG_WARN_COMMA = YES;
				CLANG_WARN_CONSTANT_CONVERSION = YES;
				CLANG_WARN_DEPRECATED_OBJC_IMPLEMENTATIONS = YES;
				CLANG_WARN_DIRECT_OBJC_ISA_USAGE = YES_ERROR;
				CLANG_WARN_DOCUMENTATION_COMMENTS = YES;
				CLANG_WARN_EMPTY_BODY = YES;
				CLANG_WARN_ENUM_CONVERSION = YES;
				CLANG_WARN_INFINITE_RECURSION = YES;
				CLANG_WARN_INT_CONVERSION = YES;
				CLANG_WARN_NON_LITERAL_NULL_CONVERSION = YES;
				CLANG_WARN_OBJC_IMPLICIT_RETAIN_SELF = YES;
				CLANG_WARN_OBJC_LITERAL_CONVERSION = YES;
				CLANG_WARN_OBJC_ROOT_CLASS = YES_ERROR;
				CLANG_WARN_QUOTED_INCLUDE_IN_FRAMEWORK_HEADER = YES;
				CLANG_WARN_RANGE_LOOP_ANALYSIS = YES;
				CLANG_WARN_STRICT_PROTOTYPES = YES;
				CLANG_WARN_SUSPICIOUS_MOVE = YES;
				CLANG_WARN_UNGUARDED_AVAILABILITY = YES_AGGRESSIVE;
				CLANG_WARN_UNREACHABLE_CODE = YES;
				CLANG_WARN__DUPLICATE_METHOD_MATCH = YES;
				COPY_PHASE_STRIP = NO;
				DEBUG_INFORMATION_FORMAT = "dwarf-with-dsym";
				ENABLE_NS_ASSERTIONS = NO;
				ENABLE_STRICT_OBJC_MSGSEND = YES;
				ENABLE_USER_SCRIPT_SANDBOXING = YES;
				GCC_C_LANGUAGE_STANDARD = gnu17;
				GCC_NO_COMMON_BLOCKS = YES;
				GCC_WARN_64_TO_32_BIT_CONVERSION = YES;
				GCC_WARN_ABOUT_RETURN_TYPE = YES_ERROR;
				GCC_WARN_UNDECLARED_SELECTOR = YES;
				GCC_WARN_UNINITIALIZED_AUTOS = YES_AGGRESSIVE;
				GCC_WARN_UNUSED_FUNCTION = YES;
				GCC_WARN_UNUSED_VARIABLE = YES;
				LOCALIZATION_PREFERS_STRING_CATALOGS = YES;
				MTL_ENABLE_DEBUG_INFO = NO;
				MTL_FAST_MATH = YES;
				SWIFT_COMPILATION_MODE = wholemodule;
			};
			name = Release;
		};
		4AB6E7A92A9BD90A00A8EFA0 /* Debug */ = {
			isa = XCBuildConfiguration;
			buildSettings = {
				ARCHS = (
					"$(ARCHS_STANDARD)",
					arm64x,
				);
				ASSETCATALOG_COMPILER_APPICON_NAME = AppIcon;
				ASSETCATALOG_COMPILER_GLOBAL_ACCENT_COLOR_NAME = AccentColor;
				CODE_SIGN_ENTITLEMENTS = ComixCrate/ComixCrate.entitlements;
				CODE_SIGN_STYLE = Automatic;
				CURRENT_PROJECT_VERSION = 1;
				DEVELOPMENT_ASSET_PATHS = "\"ComixCrate/Preview Content\"";
				DEVELOPMENT_TEAM = Y854J87CU9;
				ENABLE_HARDENED_RUNTIME = YES;
				ENABLE_PREVIEWS = YES;
				EXCLUDED_ARCHS = arm64e;
				GENERATE_INFOPLIST_FILE = YES;
				"INFOPLIST_KEY_UIApplicationSceneManifest_Generation[sdk=iphoneos*]" = YES;
				"INFOPLIST_KEY_UIApplicationSceneManifest_Generation[sdk=iphonesimulator*]" = YES;
				"INFOPLIST_KEY_UIApplicationSupportsIndirectInputEvents[sdk=iphoneos*]" = YES;
				"INFOPLIST_KEY_UIApplicationSupportsIndirectInputEvents[sdk=iphonesimulator*]" = YES;
				"INFOPLIST_KEY_UILaunchScreen_Generation[sdk=iphoneos*]" = YES;
				"INFOPLIST_KEY_UILaunchScreen_Generation[sdk=iphonesimulator*]" = YES;
				"INFOPLIST_KEY_UIStatusBarStyle[sdk=iphoneos*]" = UIStatusBarStyleDefault;
				"INFOPLIST_KEY_UIStatusBarStyle[sdk=iphonesimulator*]" = UIStatusBarStyleDefault;
				INFOPLIST_KEY_UISupportedInterfaceOrientations_iPad = "UIInterfaceOrientationPortrait UIInterfaceOrientationPortraitUpsideDown UIInterfaceOrientationLandscapeLeft UIInterfaceOrientationLandscapeRight";
				INFOPLIST_KEY_UISupportedInterfaceOrientations_iPhone = "UIInterfaceOrientationPortrait UIInterfaceOrientationLandscapeLeft UIInterfaceOrientationLandscapeRight";
				IPHONEOS_DEPLOYMENT_TARGET = 17.0;
				LD_RUNPATH_SEARCH_PATHS = "@executable_path/Frameworks";
				"LD_RUNPATH_SEARCH_PATHS[sdk=macosx*]" = "@executable_path/../Frameworks";
				MACOSX_DEPLOYMENT_TARGET = 13.5;
				MARKETING_VERSION = 1.0;
				PRODUCT_BUNDLE_IDENTIFIER = ThistlenThorn.ComixCrate;
				PRODUCT_NAME = "$(TARGET_NAME)";
				SDKROOT = auto;
				SUPPORTED_PLATFORMS = "iphoneos iphonesimulator macosx";
				SWIFT_EMIT_LOC_STRINGS = YES;
				SWIFT_VERSION = 5.0;
				TARGETED_DEVICE_FAMILY = "1,2";
			};
			name = Debug;
		};
		4AB6E7AA2A9BD90A00A8EFA0 /* Release */ = {
			isa = XCBuildConfiguration;
			buildSettings = {
				ARCHS = (
					"$(ARCHS_STANDARD)",
					arm64x,
				);
				ASSETCATALOG_COMPILER_APPICON_NAME = AppIcon;
				ASSETCATALOG_COMPILER_GLOBAL_ACCENT_COLOR_NAME = AccentColor;
				CODE_SIGN_ENTITLEMENTS = ComixCrate/ComixCrate.entitlements;
				CODE_SIGN_STYLE = Automatic;
				CURRENT_PROJECT_VERSION = 1;
				DEVELOPMENT_ASSET_PATHS = "\"ComixCrate/Preview Content\"";
				DEVELOPMENT_TEAM = Y854J87CU9;
				ENABLE_HARDENED_RUNTIME = YES;
				ENABLE_PREVIEWS = YES;
				EXCLUDED_ARCHS = arm64e;
				GENERATE_INFOPLIST_FILE = YES;
				"INFOPLIST_KEY_UIApplicationSceneManifest_Generation[sdk=iphoneos*]" = YES;
				"INFOPLIST_KEY_UIApplicationSceneManifest_Generation[sdk=iphonesimulator*]" = YES;
				"INFOPLIST_KEY_UIApplicationSupportsIndirectInputEvents[sdk=iphoneos*]" = YES;
				"INFOPLIST_KEY_UIApplicationSupportsIndirectInputEvents[sdk=iphonesimulator*]" = YES;
				"INFOPLIST_KEY_UILaunchScreen_Generation[sdk=iphoneos*]" = YES;
				"INFOPLIST_KEY_UILaunchScreen_Generation[sdk=iphonesimulator*]" = YES;
				"INFOPLIST_KEY_UIStatusBarStyle[sdk=iphoneos*]" = UIStatusBarStyleDefault;
				"INFOPLIST_KEY_UIStatusBarStyle[sdk=iphonesimulator*]" = UIStatusBarStyleDefault;
				INFOPLIST_KEY_UISupportedInterfaceOrientations_iPad = "UIInterfaceOrientationPortrait UIInterfaceOrientationPortraitUpsideDown UIInterfaceOrientationLandscapeLeft UIInterfaceOrientationLandscapeRight";
				INFOPLIST_KEY_UISupportedInterfaceOrientations_iPhone = "UIInterfaceOrientationPortrait UIInterfaceOrientationLandscapeLeft UIInterfaceOrientationLandscapeRight";
				IPHONEOS_DEPLOYMENT_TARGET = 17.0;
				LD_RUNPATH_SEARCH_PATHS = "@executable_path/Frameworks";
				"LD_RUNPATH_SEARCH_PATHS[sdk=macosx*]" = "@executable_path/../Frameworks";
				MACOSX_DEPLOYMENT_TARGET = 13.5;
				MARKETING_VERSION = 1.0;
				PRODUCT_BUNDLE_IDENTIFIER = ThistlenThorn.ComixCrate;
				PRODUCT_NAME = "$(TARGET_NAME)";
				SDKROOT = auto;
				SUPPORTED_PLATFORMS = "iphoneos iphonesimulator macosx";
				SWIFT_EMIT_LOC_STRINGS = YES;
				SWIFT_VERSION = 5.0;
				TARGETED_DEVICE_FAMILY = "1,2";
			};
			name = Release;
		};
/* End XCBuildConfiguration section */

/* Begin XCConfigurationList section */
		4AB6E7942A9BD90700A8EFA0 /* Build configuration list for PBXProject "ComixCrate" */ = {
			isa = XCConfigurationList;
			buildConfigurations = (
				4AB6E7A62A9BD90A00A8EFA0 /* Debug */,
				4AB6E7A72A9BD90A00A8EFA0 /* Release */,
			);
			defaultConfigurationIsVisible = 0;
			defaultConfigurationName = Release;
		};
		4AB6E7A82A9BD90A00A8EFA0 /* Build configuration list for PBXNativeTarget "ComixCrate" */ = {
			isa = XCConfigurationList;
			buildConfigurations = (
				4AB6E7A92A9BD90A00A8EFA0 /* Debug */,
				4AB6E7AA2A9BD90A00A8EFA0 /* Release */,
			);
			defaultConfigurationIsVisible = 0;
			defaultConfigurationName = Release;
		};
/* End XCConfigurationList section */

/* Begin XCRemoteSwiftPackageReference section */
		4AD861A72AB41154006A390D /* XCRemoteSwiftPackageReference "ZIPFoundation" */ = {
			isa = XCRemoteSwiftPackageReference;
			repositoryURL = "https://github.com/weichsel/ZIPFoundation";
			requirement = {
				kind = upToNextMajorVersion;
				minimumVersion = 0.9.16;
			};
		};
/* End XCRemoteSwiftPackageReference section */

/* Begin XCSwiftPackageProductDependency section */
		4AD861A82AB41154006A390D /* ZIPFoundation */ = {
			isa = XCSwiftPackageProductDependency;
			package = 4AD861A72AB41154006A390D /* XCRemoteSwiftPackageReference "ZIPFoundation" */;
			productName = ZIPFoundation;
		};
/* End XCSwiftPackageProductDependency section */

/* Begin XCVersionGroup section */
		4AB6E7AB2A9BD9CC00A8EFA0 /* LibraryData.xcdatamodeld */ = {
			isa = XCVersionGroup;
			children = (
				4AB6E7AC2A9BD9CC00A8EFA0 /* LibraryData.xcdatamodel */,
			);
			currentVersion = 4AB6E7AC2A9BD9CC00A8EFA0 /* LibraryData.xcdatamodel */;
			path = LibraryData.xcdatamodeld;
			sourceTree = "<group>";
			versionGroupType = wrapper.xcdatamodel;
		};
/* End XCVersionGroup section */
	};
	rootObject = 4AB6E7912A9BD90700A8EFA0 /* Project object */;
}
